
Microsoft Visual Studio Solution File, Format Version 12.00
# Visual Studio 15
VisualStudioVersion = 15.0.28307.421
MinimumVisualStudioVersion = 10.0.40219.1
Project("{FAE04EC0-301F-11D3-BF4B-00C04F79EFBC}") = "Miniproject", "Miniproject\Miniproject.csproj", "{853D0760-6FC1-49AA-8560-9667D3FE5817}"
EndProject
Global
	GlobalSection(SolutionConfigurationPlatforms) = preSolution
		Debug|Any CPU = Debug|Any CPU
		Release|Any CPU = Release|Any CPU
	EndGlobalSection
	GlobalSection(ProjectConfigurationPlatforms) = postSolution
		{853D0760-6FC1-49AA-8560-9667D3FE5817}.Debug|Any CPU.ActiveCfg = Debug|Any CPU
		{853D0760-6FC1-49AA-8560-9667D3FE5817}.Debug|Any CPU.Build.0 = Debug|Any CPU
		{853D0760-6FC1-49AA-8560-9667D3FE5817}.Release|Any CPU.ActiveCfg = Release|Any CPU
		{853D0760-6FC1-49AA-8560-9667D3FE5817}.Release|Any CPU.Build.0 = Release|Any CPU
	EndGlobalSection
	GlobalSection(SolutionProperties) = preSolution
		HideSolutionNode = FALSE
	EndGlobalSection
	GlobalSection(ExtensibilityGlobals) = postSolution
		SolutionGuid = {24F1B968-1C8A-42A1-97E0-D94B59BB6466}
	EndGlobalSection
EndGlobal
